
Microsoft Visual Studio Solution File, Format Version 12.00
# Visual Studio 15
VisualStudioVersion = 15.0.28307.645
MinimumVisualStudioVersion = 10.0.40219.1
Project("{FAE04EC0-301F-11D3-BF4B-00C04F79EFBC}") = "HTMLHarjoitusMVC", "HTMLHarjoitusMVC\HTMLHarjoitusMVC.csproj", "{A723965F-C22B-4B34-BB8D-3400BEB7C569}"
EndProject
Global
	GlobalSection(SolutionConfigurationPlatforms) = preSolution
		Debug|Any CPU = Debug|Any CPU
		Release|Any CPU = Release|Any CPU
	EndGlobalSection
	GlobalSection(ProjectConfigurationPlatforms) = postSolution
		{A723965F-C22B-4B34-BB8D-3400BEB7C569}.Debug|Any CPU.ActiveCfg = Debug|Any CPU
		{A723965F-C22B-4B34-BB8D-3400BEB7C569}.Debug|Any CPU.Build.0 = Debug|Any CPU
		{A723965F-C22B-4B34-BB8D-3400BEB7C569}.Release|Any CPU.ActiveCfg = Release|Any CPU
		{A723965F-C22B-4B34-BB8D-3400BEB7C569}.Release|Any CPU.Build.0 = Release|Any CPU
	EndGlobalSection
	GlobalSection(SolutionProperties) = preSolution
		HideSolutionNode = FALSE
	EndGlobalSection
	GlobalSection(ExtensibilityGlobals) = postSolution
		SolutionGuid = {53CA635C-E557-4764-A477-DFF57316987D}
	EndGlobalSection
EndGlobal
